
Microsoft Visual Studio Solution File, Format Version 12.00
# Visual Studio Version 17
VisualStudioVersion = 17.11.35222.181
MinimumVisualStudioVersion = 10.0.40219.1
Project("{FAE04EC0-301F-11D3-BF4B-00C04F79EFBC}") = "RRPS03", "RRPS03.csproj", "{DE26AEF9-0CA0-4EAF-AD00-53501355B839}"
EndProject
Global
	GlobalSection(SolutionConfigurationPlatforms) = preSolution
		Debug|Any CPU = Debug|Any CPU
		Release|Any CPU = Release|Any CPU
	EndGlobalSection
	GlobalSection(ProjectConfigurationPlatforms) = postSolution
		{DE26AEF9-0CA0-4EAF-AD00-53501355B839}.Debug|Any CPU.ActiveCfg = Debug|Any CPU
		{DE26AEF9-0CA0-4EAF-AD00-53501355B839}.Debug|Any CPU.Build.0 = Debug|Any CPU
		{DE26AEF9-0CA0-4EAF-AD00-53501355B839}.Release|Any CPU.ActiveCfg = Release|Any CPU
		{DE26AEF9-0CA0-4EAF-AD00-53501355B839}.Release|Any CPU.Build.0 = Release|Any CPU
	EndGlobalSection
	GlobalSection(SolutionProperties) = preSolution
		HideSolutionNode = FALSE
	EndGlobalSection
	GlobalSection(ExtensibilityGlobals) = postSolution
		SolutionGuid = {1B5EEA4D-32A0-4625-999A-44127DD9A912}
	EndGlobalSection
EndGlobal
